
Microsoft Visual Studio Solution File, Format Version 12.00
# Visual Studio Version 16
VisualStudioVersion = 16.0.33027.164
MinimumVisualStudioVersion = 10.0.40219.1
Project("{FAE04EC0-301F-11D3-BF4B-00C04F79EFBC}") = "Aproximation", "Aproximation.csproj", "{C9CFA532-3CBC-4CF7-9461-5524DD65B10F}"
EndProject
Global
	GlobalSection(SolutionConfigurationPlatforms) = preSolution
		Debug|Any CPU = Debug|Any CPU
		Release|Any CPU = Release|Any CPU
	EndGlobalSection
	GlobalSection(ProjectConfigurationPlatforms) = postSolution
		{C9CFA532-3CBC-4CF7-9461-5524DD65B10F}.Debug|Any CPU.ActiveCfg = Debug|Any CPU
		{C9CFA532-3CBC-4CF7-9461-5524DD65B10F}.Debug|Any CPU.Build.0 = Debug|Any CPU
		{C9CFA532-3CBC-4CF7-9461-5524DD65B10F}.Release|Any CPU.ActiveCfg = Release|Any CPU
		{C9CFA532-3CBC-4CF7-9461-5524DD65B10F}.Release|Any CPU.Build.0 = Release|Any CPU
	EndGlobalSection
	GlobalSection(SolutionProperties) = preSolution
		HideSolutionNode = FALSE
	EndGlobalSection
	GlobalSection(ExtensibilityGlobals) = postSolution
		SolutionGuid = {CD7E1DA0-ABBC-4562-A42D-1083CD76C183}
	EndGlobalSection
EndGlobal
